// !$*UTF8*$!
{
	archiveVersion = 1;
	classes = {
	};
	objectVersion = 46;
	objects = {

/* Begin PBXBuildFile section */
		78EA4D761A704FE000A5096F /* main.cpp in Sources */ = {isa = PBXBuildFile; fileRef = 78EA4D751A704FE000A5096F /* main.cpp */; };
		78EA4EE01A71915600A5096F /* main.cc in Sources */ = {isa = PBXBuildFile; fileRef = 78EA4ED11A71915600A5096F /* main.cc */; };
		78EA4EE11A71915600A5096F /* optmap.cc in Sources */ = {isa = PBXBuildFile; fileRef = 78EA4ED41A71915600A5096F /* optmap.cc */; };
		78EA4EE51A71915600A5096F /* tester.cc in Sources */ = {isa = PBXBuildFile; fileRef = 78EA4ED91A71915600A5096F /* tester.cc */; };
		78EA4EE61A71915600A5096F /* unit++.cc in Sources */ = {isa = PBXBuildFile; fileRef = 78EA4EDC1A71915600A5096F /* unit++.cc */; };
		78EA4EE71A71937E00A5096F /* matrix_unittest.cpp in Sources */ = {isa = PBXBuildFile; fileRef = 7875888E1A715C2A00215119 /* matrix_unittest.cpp */; };
/* End PBXBuildFile section */

/* Begin PBXCopyFilesBuildPhase section */
		78EA4D701A704FE000A5096F /* CopyFiles */ = {
			isa = PBXCopyFilesBuildPhase;
			buildActionMask = 2147483647;
			dstPath = /usr/share/man/man1/;
			dstSubfolderSpec = 0;
			files = (
			);
			runOnlyForDeploymentPostprocessing = 1;
		};
		78EA4E591A718B1100A5096F /* CopyFiles */ = {
			isa = PBXCopyFilesBuildPhase;
			buildActionMask = 2147483647;
			dstPath = /usr/share/man/man1/;
			dstSubfolderSpec = 0;
			files = (
			);
			runOnlyForDeploymentPostprocessing = 1;
		};
/* End PBXCopyFilesBuildPhase section */

/* Begin PBXFileReference section */
		787588261A713CB300215119 /* dummy_callbacks.hpp */ = {isa = PBXFileReference; fileEncoding = 4; lastKnownFileType = sourcecode.cpp.h; path = dummy_callbacks.hpp; sourceTree = "<group>"; };
		787588271A713CB300215119 /* eigen_callbacks.hpp */ = {isa = PBXFileReference; fileEncoding = 4; lastKnownFileType = sourcecode.cpp.h; path = eigen_callbacks.hpp; sourceTree = "<group>"; };
		787588281A713CB300215119 /* neighbor_callbacks.hpp */ = {isa = PBXFileReference; fileEncoding = 4; lastKnownFileType = sourcecode.cpp.h; path = neighbor_callbacks.hpp; sourceTree = "<group>"; };
		787588291A713CB300215119 /* pimpl_callbacks.hpp */ = {isa = PBXFileReference; fileEncoding = 4; lastKnownFileType = sourcecode.cpp.h; path = pimpl_callbacks.hpp; sourceTree = "<group>"; };
		7875882A1A713CB300215119 /* precomputed_callbacks.hpp */ = {isa = PBXFileReference; fileEncoding = 4; lastKnownFileType = sourcecode.cpp.h; path = precomputed_callbacks.hpp; sourceTree = "<group>"; };
		7875882B1A713CB300215119 /* chain_interface.hpp */ = {isa = PBXFileReference; fileEncoding = 4; lastKnownFileType = sourcecode.cpp.h; path = chain_interface.hpp; sourceTree = "<group>"; };
		7875882D1A713CB300215119 /* eigen3.hpp */ = {isa = PBXFileReference; fileEncoding = 4; lastKnownFileType = sourcecode.cpp.h; path = eigen3.hpp; sourceTree = "<group>"; };
		7875882E1A713CB300215119 /* keywords.hpp */ = {isa = PBXFileReference; fileEncoding = 4; lastKnownFileType = sourcecode.cpp.h; path = keywords.hpp; sourceTree = "<group>"; };
		7875882F1A713CB300215119 /* methods.hpp */ = {isa = PBXFileReference; fileEncoding = 4; lastKnownFileType = sourcecode.cpp.h; path = methods.hpp; sourceTree = "<group>"; };
		787588301A713CB300215119 /* random.hpp */ = {isa = PBXFileReference; fileEncoding = 4; lastKnownFileType = sourcecode.cpp.h; path = random.hpp; sourceTree = "<group>"; };
		787588311A713CB300215119 /* stdtypes.hpp */ = {isa = PBXFileReference; fileEncoding = 4; lastKnownFileType = sourcecode.cpp.h; path = stdtypes.hpp; sourceTree = "<group>"; };
		787588321A713CB300215119 /* synonyms.hpp */ = {isa = PBXFileReference; fileEncoding = 4; lastKnownFileType = sourcecode.cpp.h; path = synonyms.hpp; sourceTree = "<group>"; };
		787588331A713CB300215119 /* types.hpp */ = {isa = PBXFileReference; fileEncoding = 4; lastKnownFileType = sourcecode.cpp.h; path = types.hpp; sourceTree = "<group>"; };
		787588341A713CB300215119 /* defines.hpp */ = {isa = PBXFileReference; fileEncoding = 4; lastKnownFileType = sourcecode.cpp.h; path = defines.hpp; sourceTree = "<group>"; };
		787588351A713CB300215119 /* embed.hpp */ = {isa = PBXFileReference; fileEncoding = 4; lastKnownFileType = sourcecode.cpp.h; path = embed.hpp; sourceTree = "<group>"; };
		787588361A713CB300215119 /* exceptions.hpp */ = {isa = PBXFileReference; fileEncoding = 4; lastKnownFileType = sourcecode.cpp.h; path = exceptions.hpp; sourceTree = "<group>"; };
		787588391A713CB300215119 /* quadtree.hpp */ = {isa = PBXFileReference; fileEncoding = 4; lastKnownFileType = sourcecode.cpp.h; path = quadtree.hpp; sourceTree = "<group>"; };
		7875883A1A713CB300215119 /* tsne.hpp */ = {isa = PBXFileReference; fileEncoding = 4; lastKnownFileType = sourcecode.cpp.h; path = tsne.hpp; sourceTree = "<group>"; };
		7875883B1A713CB300215119 /* vptree.hpp */ = {isa = PBXFileReference; fileEncoding = 4; lastKnownFileType = sourcecode.cpp.h; path = vptree.hpp; sourceTree = "<group>"; };
		7875883C1A713CB300215119 /* methods.hpp */ = {isa = PBXFileReference; fileEncoding = 4; lastKnownFileType = sourcecode.cpp.h; path = methods.hpp; sourceTree = "<group>"; };
		7875883E1A713CB300215119 /* connected.hpp */ = {isa = PBXFileReference; fileEncoding = 4; lastKnownFileType = sourcecode.cpp.h; path = connected.hpp; sourceTree = "<group>"; };
		7875883F1A713CB300215119 /* covertree.hpp */ = {isa = PBXFileReference; fileEncoding = 4; lastKnownFileType = sourcecode.cpp.h; path = covertree.hpp; sourceTree = "<group>"; };
		787588401A713CB300215119 /* covertree_point.hpp */ = {isa = PBXFileReference; fileEncoding = 4; lastKnownFileType = sourcecode.cpp.h; path = covertree_point.hpp; sourceTree = "<group>"; };
		787588411A713CB300215119 /* neighbors.hpp */ = {isa = PBXFileReference; fileEncoding = 4; lastKnownFileType = sourcecode.cpp.h; path = neighbors.hpp; sourceTree = "<group>"; };
		787588421A713CB300215119 /* vptree.hpp */ = {isa = PBXFileReference; fileEncoding = 4; lastKnownFileType = sourcecode.cpp.h; path = vptree.hpp; sourceTree = "<group>"; };
		787588441A713CB300215119 /* context.hpp */ = {isa = PBXFileReference; fileEncoding = 4; lastKnownFileType = sourcecode.cpp.h; path = context.hpp; sourceTree = "<group>"; };
		787588451A713CB300215119 /* defaults.hpp */ = {isa = PBXFileReference; fileEncoding = 4; lastKnownFileType = sourcecode.cpp.h; path = defaults.hpp; sourceTree = "<group>"; };
		787588461A713CB300215119 /* projection.hpp */ = {isa = PBXFileReference; fileEncoding = 4; lastKnownFileType = sourcecode.cpp.h; path = projection.hpp; sourceTree = "<group>"; };
		787588481A713CB300215119 /* diffusion_maps.hpp */ = {isa = PBXFileReference; fileEncoding = 4; lastKnownFileType = sourcecode.cpp.h; path = diffusion_maps.hpp; sourceTree = "<group>"; };
		787588491A713CB300215119 /* eigendecomposition.hpp */ = {isa = PBXFileReference; fileEncoding = 4; lastKnownFileType = sourcecode.cpp.h; path = eigendecomposition.hpp; sourceTree = "<group>"; };
		7875884A1A713CB300215119 /* fa.hpp */ = {isa = PBXFileReference; fileEncoding = 4; lastKnownFileType = sourcecode.cpp.h; path = fa.hpp; sourceTree = "<group>"; };
		7875884B1A713CB300215119 /* generalized_eigendecomposition.hpp */ = {isa = PBXFileReference; fileEncoding = 4; lastKnownFileType = sourcecode.cpp.h; path = generalized_eigendecomposition.hpp; sourceTree = "<group>"; };
		7875884C1A713CB300215119 /* isomap.hpp */ = {isa = PBXFileReference; fileEncoding = 4; lastKnownFileType = sourcecode.cpp.h; path = isomap.hpp; sourceTree = "<group>"; };
		7875884D1A713CB300215119 /* laplacian_eigenmaps.hpp */ = {isa = PBXFileReference; fileEncoding = 4; lastKnownFileType = sourcecode.cpp.h; path = laplacian_eigenmaps.hpp; sourceTree = "<group>"; };
		7875884E1A713CB300215119 /* locally_linear.hpp */ = {isa = PBXFileReference; fileEncoding = 4; lastKnownFileType = sourcecode.cpp.h; path = locally_linear.hpp; sourceTree = "<group>"; };
		7875884F1A713CB300215119 /* manifold_sculpting.hpp */ = {isa = PBXFileReference; fileEncoding = 4; lastKnownFileType = sourcecode.cpp.h; path = manifold_sculpting.hpp; sourceTree = "<group>"; };
		787588501A713CB300215119 /* matrix_operations.hpp */ = {isa = PBXFileReference; fileEncoding = 4; lastKnownFileType = sourcecode.cpp.h; path = matrix_operations.hpp; sourceTree = "<group>"; };
		787588511A713CB300215119 /* multidimensional_scaling.hpp */ = {isa = PBXFileReference; fileEncoding = 4; lastKnownFileType = sourcecode.cpp.h; path = multidimensional_scaling.hpp; sourceTree = "<group>"; };
		787588521A713CB300215119 /* pca.hpp */ = {isa = PBXFileReference; fileEncoding = 4; lastKnownFileType = sourcecode.cpp.h; path = pca.hpp; sourceTree = "<group>"; };
		787588531A713CB300215119 /* random_projection.hpp */ = {isa = PBXFileReference; fileEncoding = 4; lastKnownFileType = sourcecode.cpp.h; path = random_projection.hpp; sourceTree = "<group>"; };
		787588541A713CB300215119 /* spe.hpp */ = {isa = PBXFileReference; fileEncoding = 4; lastKnownFileType = sourcecode.cpp.h; path = spe.hpp; sourceTree = "<group>"; };
		787588551A713CB300215119 /* tapkee.hpp */ = {isa = PBXFileReference; fileEncoding = 4; lastKnownFileType = sourcecode.cpp.h; path = tapkee.hpp; sourceTree = "<group>"; };
		787588571A713CB300215119 /* callbacks_traits.hpp */ = {isa = PBXFileReference; fileEncoding = 4; lastKnownFileType = sourcecode.cpp.h; path = callbacks_traits.hpp; sourceTree = "<group>"; };
		787588581A713CB300215119 /* methods_traits.hpp */ = {isa = PBXFileReference; fileEncoding = 4; lastKnownFileType = sourcecode.cpp.h; path = methods_traits.hpp; sourceTree = "<group>"; };
		7875885A1A713CB300215119 /* arpack_wrapper.hpp */ = {isa = PBXFileReference; fileEncoding = 4; lastKnownFileType = sourcecode.cpp.h; path = arpack_wrapper.hpp; sourceTree = "<group>"; };
		7875885B1A713CB300215119 /* conditional_select.hpp */ = {isa = PBXFileReference; fileEncoding = 4; lastKnownFileType = sourcecode.cpp.h; path = conditional_select.hpp; sourceTree = "<group>"; };
		7875885C1A713CB300215119 /* features.hpp */ = {isa = PBXFileReference; fileEncoding = 4; lastKnownFileType = sourcecode.cpp.h; path = features.hpp; sourceTree = "<group>"; };
		7875885D1A713CB300215119 /* fibonacci_heap.hpp */ = {isa = PBXFileReference; fileEncoding = 4; lastKnownFileType = sourcecode.cpp.h; path = fibonacci_heap.hpp; sourceTree = "<group>"; };
		7875885E1A713CB300215119 /* logging.hpp */ = {isa = PBXFileReference; fileEncoding = 4; lastKnownFileType = sourcecode.cpp.h; path = logging.hpp; sourceTree = "<group>"; };
		7875885F1A713CB300215119 /* matrix.hpp */ = {isa = PBXFileReference; fileEncoding = 4; lastKnownFileType = sourcecode.cpp.h; path = matrix.hpp; sourceTree = "<group>"; };
		787588601A713CB300215119 /* naming.hpp */ = {isa = PBXFileReference; fileEncoding = 4; lastKnownFileType = sourcecode.cpp.h; path = naming.hpp; sourceTree = "<group>"; };
		787588611A713CB300215119 /* reservable_priority_queue.hpp */ = {isa = PBXFileReference; fileEncoding = 4; lastKnownFileType = sourcecode.cpp.h; path = reservable_priority_queue.hpp; sourceTree = "<group>"; };
		787588621A713CB300215119 /* sparse.hpp */ = {isa = PBXFileReference; fileEncoding = 4; lastKnownFileType = sourcecode.cpp.h; path = sparse.hpp; sourceTree = "<group>"; };
		787588631A713CB300215119 /* time.hpp */ = {isa = PBXFileReference; fileEncoding = 4; lastKnownFileType = sourcecode.cpp.h; path = time.hpp; sourceTree = "<group>"; };
		7875888E1A715C2A00215119 /* matrix_unittest.cpp */ = {isa = PBXFileReference; fileEncoding = 4; lastKnownFileType = sourcecode.cpp.cpp; path = matrix_unittest.cpp; sourceTree = "<group>"; };
		78EA4D721A704FE000A5096F /* MLib */ = {isa = PBXFileReference; explicitFileType = "compiled.mach-o.executable"; includeInIndex = 0; path = MLib; sourceTree = BUILT_PRODUCTS_DIR; };
		78EA4D751A704FE000A5096F /* main.cpp */ = {isa = PBXFileReference; lastKnownFileType = sourcecode.cpp.cpp; path = main.cpp; sourceTree = "<group>"; };
		78EA4D7D1A70510A00A5096F /* matrix.h */ = {isa = PBXFileReference; fileEncoding = 4; lastKnownFileType = sourcecode.c.h; path = matrix.h; sourceTree = "<group>"; };
		78EA4D801A70510A00A5096F /* dim_reduction_methods.h */ = {isa = PBXFileReference; fileEncoding = 4; lastKnownFileType = sourcecode.c.h; path = dim_reduction_methods.h; sourceTree = "<group>"; };
		78EA4D811A70510A00A5096F /* random_projection.h */ = {isa = PBXFileReference; fileEncoding = 4; lastKnownFileType = sourcecode.c.h; path = random_projection.h; sourceTree = "<group>"; };
		78EA4D821A70510A00A5096F /* stdc++.h */ = {isa = PBXFileReference; fileEncoding = 4; lastKnownFileType = sourcecode.c.h; path = "stdc++.h"; sourceTree = "<group>"; };
		78EA4D841A70510A00A5096F /* random.h */ = {isa = PBXFileReference; fileEncoding = 4; lastKnownFileType = sourcecode.c.h; path = random.h; sourceTree = "<group>"; };
		78EA4D851A70510A00A5096F /* utils.h */ = {isa = PBXFileReference; fileEncoding = 4; lastKnownFileType = sourcecode.c.h; path = utils.h; sourceTree = "<group>"; };
		78EA4D861A70515E00A5096F /* defines.h */ = {isa = PBXFileReference; fileEncoding = 4; lastKnownFileType = sourcecode.c.h; path = defines.h; sourceTree = "<group>"; };
		78EA4E5B1A718B1100A5096F /* MLib-test */ = {isa = PBXFileReference; explicitFileType = "compiled.mach-o.executable"; includeInIndex = 0; path = "MLib-test"; sourceTree = BUILT_PRODUCTS_DIR; };
		78EA4ED11A71915600A5096F /* main.cc */ = {isa = PBXFileReference; fileEncoding = 4; lastKnownFileType = sourcecode.cpp.cpp; path = main.cc; sourceTree = "<group>"; };
		78EA4ED21A71915600A5096F /* main.h */ = {isa = PBXFileReference; fileEncoding = 4; lastKnownFileType = sourcecode.c.h; path = main.h; sourceTree = "<group>"; };
		78EA4ED31A71915600A5096F /* optmap-compat.h */ = {isa = PBXFileReference; fileEncoding = 4; lastKnownFileType = sourcecode.c.h; path = "optmap-compat.h"; sourceTree = "<group>"; };
		78EA4ED41A71915600A5096F /* optmap.cc */ = {isa = PBXFileReference; fileEncoding = 4; lastKnownFileType = sourcecode.cpp.cpp; path = optmap.cc; sourceTree = "<group>"; };
		78EA4ED51A71915600A5096F /* optmap.h */ = {isa = PBXFileReference; fileEncoding = 4; lastKnownFileType = sourcecode.c.h; path = optmap.h; sourceTree = "<group>"; };
		78EA4ED91A71915600A5096F /* tester.cc */ = {isa = PBXFileReference; fileEncoding = 4; lastKnownFileType = sourcecode.cpp.cpp; path = tester.cc; sourceTree = "<group>"; };
		78EA4EDA1A71915600A5096F /* tester.h */ = {isa = PBXFileReference; fileEncoding = 4; lastKnownFileType = sourcecode.c.h; path = tester.h; sourceTree = "<group>"; };
		78EA4EDC1A71915600A5096F /* unit++.cc */ = {isa = PBXFileReference; fileEncoding = 4; lastKnownFileType = sourcecode.cpp.cpp; path = "unit++.cc"; sourceTree = "<group>"; };
		78EA4EDD1A71915600A5096F /* unit++.h */ = {isa = PBXFileReference; fileEncoding = 4; lastKnownFileType = sourcecode.c.h; path = "unit++.h"; sourceTree = "<group>"; };
/* End PBXFileReference section */

/* Begin PBXFrameworksBuildPhase section */
		78EA4D6F1A704FE000A5096F /* Frameworks */ = {
			isa = PBXFrameworksBuildPhase;
			buildActionMask = 2147483647;
			files = (
			);
			runOnlyForDeploymentPostprocessing = 0;
		};
		78EA4E581A718B1100A5096F /* Frameworks */ = {
			isa = PBXFrameworksBuildPhase;
			buildActionMask = 2147483647;
			files = (
			);
			runOnlyForDeploymentPostprocessing = 0;
		};
/* End PBXFrameworksBuildPhase section */

/* Begin PBXGroup section */
		787588241A713CB300215119 /* tapkee */ = {
			isa = PBXGroup;
			children = (
				787588251A713CB300215119 /* callbacks */,
				7875882B1A713CB300215119 /* chain_interface.hpp */,
				7875882C1A713CB300215119 /* defines */,
				787588341A713CB300215119 /* defines.hpp */,
				787588351A713CB300215119 /* embed.hpp */,
				787588361A713CB300215119 /* exceptions.hpp */,
				787588371A713CB300215119 /* external */,
				7875883C1A713CB300215119 /* methods.hpp */,
				7875883D1A713CB300215119 /* neighbors */,
				787588431A713CB300215119 /* parameters */,
				787588461A713CB300215119 /* projection.hpp */,
				787588471A713CB300215119 /* routines */,
				787588551A713CB300215119 /* tapkee.hpp */,
				787588561A713CB300215119 /* traits */,
				787588591A713CB300215119 /* utils */,
			);
			path = tapkee;
			sourceTree = "<group>";
		};
		787588251A713CB300215119 /* callbacks */ = {
			isa = PBXGroup;
			children = (
				787588261A713CB300215119 /* dummy_callbacks.hpp */,
				787588271A713CB300215119 /* eigen_callbacks.hpp */,
				787588281A713CB300215119 /* neighbor_callbacks.hpp */,
				787588291A713CB300215119 /* pimpl_callbacks.hpp */,
				7875882A1A713CB300215119 /* precomputed_callbacks.hpp */,
			);
			path = callbacks;
			sourceTree = "<group>";
		};
		7875882C1A713CB300215119 /* defines */ = {
			isa = PBXGroup;
			children = (
				7875882D1A713CB300215119 /* eigen3.hpp */,
				7875882E1A713CB300215119 /* keywords.hpp */,
				7875882F1A713CB300215119 /* methods.hpp */,
				787588301A713CB300215119 /* random.hpp */,
				787588311A713CB300215119 /* stdtypes.hpp */,
				787588321A713CB300215119 /* synonyms.hpp */,
				787588331A713CB300215119 /* types.hpp */,
			);
			path = defines;
			sourceTree = "<group>";
		};
		787588371A713CB300215119 /* external */ = {
			isa = PBXGroup;
			children = (
				787588381A713CB300215119 /* barnes_hut_sne */,
			);
			path = external;
			sourceTree = "<group>";
		};
		787588381A713CB300215119 /* barnes_hut_sne */ = {
			isa = PBXGroup;
			children = (
				787588391A713CB300215119 /* quadtree.hpp */,
				7875883A1A713CB300215119 /* tsne.hpp */,
				7875883B1A713CB300215119 /* vptree.hpp */,
			);
			path = barnes_hut_sne;
			sourceTree = "<group>";
		};
		7875883D1A713CB300215119 /* neighbors */ = {
			isa = PBXGroup;
			children = (
				7875883E1A713CB300215119 /* connected.hpp */,
				7875883F1A713CB300215119 /* covertree.hpp */,
				787588401A713CB300215119 /* covertree_point.hpp */,
				787588411A713CB300215119 /* neighbors.hpp */,
				787588421A713CB300215119 /* vptree.hpp */,
			);
			path = neighbors;
			sourceTree = "<group>";
		};
		787588431A713CB300215119 /* parameters */ = {
			isa = PBXGroup;
			children = (
				787588441A713CB300215119 /* context.hpp */,
				787588451A713CB300215119 /* defaults.hpp */,
			);
			path = parameters;
			sourceTree = "<group>";
		};
		787588471A713CB300215119 /* routines */ = {
			isa = PBXGroup;
			children = (
				787588481A713CB300215119 /* diffusion_maps.hpp */,
				787588491A713CB300215119 /* eigendecomposition.hpp */,
				7875884A1A713CB300215119 /* fa.hpp */,
				7875884B1A713CB300215119 /* generalized_eigendecomposition.hpp */,
				7875884C1A713CB300215119 /* isomap.hpp */,
				7875884D1A713CB300215119 /* laplacian_eigenmaps.hpp */,
				7875884E1A713CB300215119 /* locally_linear.hpp */,
				7875884F1A713CB300215119 /* manifold_sculpting.hpp */,
				787588501A713CB300215119 /* matrix_operations.hpp */,
				787588511A713CB300215119 /* multidimensional_scaling.hpp */,
				787588521A713CB300215119 /* pca.hpp */,
				787588531A713CB300215119 /* random_projection.hpp */,
				787588541A713CB300215119 /* spe.hpp */,
			);
			path = routines;
			sourceTree = "<group>";
		};
		787588561A713CB300215119 /* traits */ = {
			isa = PBXGroup;
			children = (
				787588571A713CB300215119 /* callbacks_traits.hpp */,
				787588581A713CB300215119 /* methods_traits.hpp */,
			);
			path = traits;
			sourceTree = "<group>";
		};
		787588591A713CB300215119 /* utils */ = {
			isa = PBXGroup;
			children = (
				7875885A1A713CB300215119 /* arpack_wrapper.hpp */,
				7875885B1A713CB300215119 /* conditional_select.hpp */,
				7875885C1A713CB300215119 /* features.hpp */,
				7875885D1A713CB300215119 /* fibonacci_heap.hpp */,
				7875885E1A713CB300215119 /* logging.hpp */,
				7875885F1A713CB300215119 /* matrix.hpp */,
				787588601A713CB300215119 /* naming.hpp */,
				787588611A713CB300215119 /* reservable_priority_queue.hpp */,
				787588621A713CB300215119 /* sparse.hpp */,
				787588631A713CB300215119 /* time.hpp */,
			);
			path = utils;
			sourceTree = "<group>";
		};
		78EA4D691A704FDF00A5096F = {
			isa = PBXGroup;
			children = (
				78EA4D741A704FE000A5096F /* MLib */,
				78EA4E5C1A718B1100A5096F /* MLib-test */,
				78EA4D731A704FE000A5096F /* Products */,
			);
			sourceTree = "<group>";
		};
		78EA4D731A704FE000A5096F /* Products */ = {
			isa = PBXGroup;
			children = (
				78EA4D721A704FE000A5096F /* MLib */,
				78EA4E5B1A718B1100A5096F /* MLib-test */,
			);
			name = Products;
			sourceTree = "<group>";
		};
		78EA4D741A704FE000A5096F /* MLib */ = {
			isa = PBXGroup;
			children = (
				787588241A713CB300215119 /* tapkee */,
				78EA4D7C1A70510A00A5096F /* math */,
				78EA4D7E1A70510A00A5096F /* preprocessing */,
				78EA4D821A70510A00A5096F /* stdc++.h */,
				78EA4D831A70510A00A5096F /* utils */,
				78EA4D751A704FE000A5096F /* main.cpp */,
				78EA4D861A70515E00A5096F /* defines.h */,
			);
			path = MLib;
			sourceTree = "<group>";
		};
		78EA4D7C1A70510A00A5096F /* math */ = {
			isa = PBXGroup;
			children = (
				78EA4D7D1A70510A00A5096F /* matrix.h */,
			);
			path = math;
			sourceTree = "<group>";
		};
		78EA4D7E1A70510A00A5096F /* preprocessing */ = {
			isa = PBXGroup;
			children = (
				78EA4D801A70510A00A5096F /* dim_reduction_methods.h */,
				78EA4D811A70510A00A5096F /* random_projection.h */,
			);
			path = preprocessing;
			sourceTree = "<group>";
		};
		78EA4D831A70510A00A5096F /* utils */ = {
			isa = PBXGroup;
			children = (
				78EA4D841A70510A00A5096F /* random.h */,
				78EA4D851A70510A00A5096F /* utils.h */,
			);
			path = utils;
			sourceTree = "<group>";
		};
		78EA4E5C1A718B1100A5096F /* MLib-test */ = {
			isa = PBXGroup;
			children = (
				78EA4ECC1A71915600A5096F /* unit++ */,
				7875888E1A715C2A00215119 /* matrix_unittest.cpp */,
			);
			path = "MLib-test";
			sourceTree = "<group>";
		};
		78EA4ECC1A71915600A5096F /* unit++ */ = {
			isa = PBXGroup;
			children = (
				78EA4ED11A71915600A5096F /* main.cc */,
				78EA4ED21A71915600A5096F /* main.h */,
				78EA4ED31A71915600A5096F /* optmap-compat.h */,
				78EA4ED41A71915600A5096F /* optmap.cc */,
				78EA4ED51A71915600A5096F /* optmap.h */,
				78EA4ED91A71915600A5096F /* tester.cc */,
				78EA4EDA1A71915600A5096F /* tester.h */,
				78EA4EDC1A71915600A5096F /* unit++.cc */,
				78EA4EDD1A71915600A5096F /* unit++.h */,
			);
			path = "unit++";
			sourceTree = "<group>";
		};
/* End PBXGroup section */

/* Begin PBXNativeTarget section */
		78EA4D711A704FE000A5096F /* MLib */ = {
			isa = PBXNativeTarget;
			buildConfigurationList = 78EA4D791A704FE000A5096F /* Build configuration list for PBXNativeTarget "MLib" */;
			buildPhases = (
				78EA4D6E1A704FE000A5096F /* Sources */,
				78EA4D6F1A704FE000A5096F /* Frameworks */,
				78EA4D701A704FE000A5096F /* CopyFiles */,
			);
			buildRules = (
			);
			dependencies = (
			);
			name = MLib;
			productName = MLib;
			productReference = 78EA4D721A704FE000A5096F /* MLib */;
			productType = "com.apple.product-type.tool";
		};
		78EA4E5A1A718B1100A5096F /* MLib-test */ = {
			isa = PBXNativeTarget;
			buildConfigurationList = 78EA4E5F1A718B1100A5096F /* Build configuration list for PBXNativeTarget "MLib-test" */;
			buildPhases = (
				78EA4E571A718B1100A5096F /* Sources */,
				78EA4E581A718B1100A5096F /* Frameworks */,
				78EA4E591A718B1100A5096F /* CopyFiles */,
			);
			buildRules = (
			);
			dependencies = (
			);
			name = "MLib-test";
			productName = "MLib-test";
			productReference = 78EA4E5B1A718B1100A5096F /* MLib-test */;
			productType = "com.apple.product-type.tool";
		};
/* End PBXNativeTarget section */

/* Begin PBXProject section */
		78EA4D6A1A704FDF00A5096F /* Project object */ = {
			isa = PBXProject;
			attributes = {
				LastUpgradeCheck = 0610;
				ORGANIZATIONNAME = yaric;
				TargetAttributes = {
					78EA4D711A704FE000A5096F = {
						CreatedOnToolsVersion = 6.1.1;
					};
					78EA4E5A1A718B1100A5096F = {
						CreatedOnToolsVersion = 6.1.1;
					};
				};
			};
			buildConfigurationList = 78EA4D6D1A704FDF00A5096F /* Build configuration list for PBXProject "MLib" */;
			compatibilityVersion = "Xcode 3.2";
			developmentRegion = English;
			hasScannedForEncodings = 0;
			knownRegions = (
				en,
			);
			mainGroup = 78EA4D691A704FDF00A5096F;
			productRefGroup = 78EA4D731A704FE000A5096F /* Products */;
			projectDirPath = "";
			projectRoot = "";
			targets = (
				78EA4D711A704FE000A5096F /* MLib */,
				78EA4E5A1A718B1100A5096F /* MLib-test */,
			);
		};
/* End PBXProject section */

/* Begin PBXSourcesBuildPhase section */
		78EA4D6E1A704FE000A5096F /* Sources */ = {
			isa = PBXSourcesBuildPhase;
			buildActionMask = 2147483647;
			files = (
				78EA4D761A704FE000A5096F /* main.cpp in Sources */,
			);
			runOnlyForDeploymentPostprocessing = 0;
		};
		78EA4E571A718B1100A5096F /* Sources */ = {
			isa = PBXSourcesBuildPhase;
			buildActionMask = 2147483647;
			files = (
				78EA4EE71A71937E00A5096F /* matrix_unittest.cpp in Sources */,
				78EA4EE01A71915600A5096F /* main.cc in Sources */,
				78EA4EE11A71915600A5096F /* optmap.cc in Sources */,
				78EA4EE61A71915600A5096F /* unit++.cc in Sources */,
				78EA4EE51A71915600A5096F /* tester.cc in Sources */,
			);
			runOnlyForDeploymentPostprocessing = 0;
		};
/* End PBXSourcesBuildPhase section */

/* Begin XCBuildConfiguration section */
		78EA4D771A704FE000A5096F /* Debug */ = {
			isa = XCBuildConfiguration;
			buildSettings = {
				ALWAYS_SEARCH_USER_PATHS = NO;
				CLANG_CXX_LANGUAGE_STANDARD = "gnu++0x";
				CLANG_CXX_LIBRARY = "libc++";
				CLANG_ENABLE_MODULES = YES;
				CLANG_ENABLE_OBJC_ARC = YES;
				CLANG_WARN_BOOL_CONVERSION = YES;
				CLANG_WARN_CONSTANT_CONVERSION = YES;
				CLANG_WARN_DIRECT_OBJC_ISA_USAGE = YES_ERROR;
				CLANG_WARN_EMPTY_BODY = YES;
				CLANG_WARN_ENUM_CONVERSION = YES;
				CLANG_WARN_INT_CONVERSION = YES;
				CLANG_WARN_OBJC_ROOT_CLASS = YES_ERROR;
				CLANG_WARN_UNREACHABLE_CODE = YES;
				CLANG_WARN__DUPLICATE_METHOD_MATCH = YES;
				COPY_PHASE_STRIP = NO;
				ENABLE_STRICT_OBJC_MSGSEND = YES;
				GCC_C_LANGUAGE_STANDARD = gnu99;
				GCC_DYNAMIC_NO_PIC = NO;
				GCC_OPTIMIZATION_LEVEL = 0;
				GCC_PREPROCESSOR_DEFINITIONS = (
					"DEBUG=1",
					"$(inherited)",
				);
				GCC_SYMBOLS_PRIVATE_EXTERN = NO;
				GCC_WARN_64_TO_32_BIT_CONVERSION = YES;
				GCC_WARN_ABOUT_RETURN_TYPE = YES_ERROR;
				GCC_WARN_UNDECLARED_SELECTOR = YES;
				GCC_WARN_UNINITIALIZED_AUTOS = YES_AGGRESSIVE;
				GCC_WARN_UNUSED_FUNCTION = YES;
				GCC_WARN_UNUSED_VARIABLE = YES;
				MACOSX_DEPLOYMENT_TARGET = 10.10;
				MTL_ENABLE_DEBUG_INFO = YES;
				ONLY_ACTIVE_ARCH = YES;
				SDKROOT = macosx;
			};
			name = Debug;
		};
		78EA4D781A704FE000A5096F /* Release */ = {
			isa = XCBuildConfiguration;
			buildSettings = {
				ALWAYS_SEARCH_USER_PATHS = NO;
				CLANG_CXX_LANGUAGE_STANDARD = "gnu++0x";
				CLANG_CXX_LIBRARY = "libc++";
				CLANG_ENABLE_MODULES = YES;
				CLANG_ENABLE_OBJC_ARC = YES;
				CLANG_WARN_BOOL_CONVERSION = YES;
				CLANG_WARN_CONSTANT_CONVERSION = YES;
				CLANG_WARN_DIRECT_OBJC_ISA_USAGE = YES_ERROR;
				CLANG_WARN_EMPTY_BODY = YES;
				CLANG_WARN_ENUM_CONVERSION = YES;
				CLANG_WARN_INT_CONVERSION = YES;
				CLANG_WARN_OBJC_ROOT_CLASS = YES_ERROR;
				CLANG_WARN_UNREACHABLE_CODE = YES;
				CLANG_WARN__DUPLICATE_METHOD_MATCH = YES;
				COPY_PHASE_STRIP = YES;
				DEBUG_INFORMATION_FORMAT = "dwarf-with-dsym";
				ENABLE_NS_ASSERTIONS = NO;
				ENABLE_STRICT_OBJC_MSGSEND = YES;
				GCC_C_LANGUAGE_STANDARD = gnu99;
				GCC_WARN_64_TO_32_BIT_CONVERSION = YES;
				GCC_WARN_ABOUT_RETURN_TYPE = YES_ERROR;
				GCC_WARN_UNDECLARED_SELECTOR = YES;
				GCC_WARN_UNINITIALIZED_AUTOS = YES_AGGRESSIVE;
				GCC_WARN_UNUSED_FUNCTION = YES;
				GCC_WARN_UNUSED_VARIABLE = YES;
				MACOSX_DEPLOYMENT_TARGET = 10.10;
				MTL_ENABLE_DEBUG_INFO = NO;
				SDKROOT = macosx;
			};
			name = Release;
		};
		78EA4D7A1A704FE000A5096F /* Debug */ = {
			isa = XCBuildConfiguration;
			buildSettings = {
				ARCHS = "$(ARCHS_STANDARD)";
				PRODUCT_NAME = "$(TARGET_NAME)";
			};
			name = Debug;
		};
		78EA4D7B1A704FE000A5096F /* Release */ = {
			isa = XCBuildConfiguration;
			buildSettings = {
				ARCHS = "$(ARCHS_STANDARD)";
				PRODUCT_NAME = "$(TARGET_NAME)";
			};
			name = Release;
		};
		78EA4E601A718B1100A5096F /* Debug */ = {
			isa = XCBuildConfiguration;
			buildSettings = {
				GCC_PREPROCESSOR_DEFINITIONS = (
					"DEBUG=1",
					"$(inherited)",
				);
				PRODUCT_NAME = "$(TARGET_NAME)";
				USER_HEADER_SEARCH_PATHS = "";
			};
			name = Debug;
		};
		78EA4E611A718B1100A5096F /* Release */ = {
			isa = XCBuildConfiguration;
			buildSettings = {
				PRODUCT_NAME = "$(TARGET_NAME)";
				USER_HEADER_SEARCH_PATHS = "";
			};
			name = Release;
		};
/* End XCBuildConfiguration section */

/* Begin XCConfigurationList section */
		78EA4D6D1A704FDF00A5096F /* Build configuration list for PBXProject "MLib" */ = {
			isa = XCConfigurationList;
			buildConfigurations = (
				78EA4D771A704FE000A5096F /* Debug */,
				78EA4D781A704FE000A5096F /* Release */,
			);
			defaultConfigurationIsVisible = 0;
			defaultConfigurationName = Release;
		};
		78EA4D791A704FE000A5096F /* Build configuration list for PBXNativeTarget "MLib" */ = {
			isa = XCConfigurationList;
			buildConfigurations = (
				78EA4D7A1A704FE000A5096F /* Debug */,
				78EA4D7B1A704FE000A5096F /* Release */,
			);
			defaultConfigurationIsVisible = 0;
			defaultConfigurationName = Release;
		};
		78EA4E5F1A718B1100A5096F /* Build configuration list for PBXNativeTarget "MLib-test" */ = {
			isa = XCConfigurationList;
			buildConfigurations = (
				78EA4E601A718B1100A5096F /* Debug */,
				78EA4E611A718B1100A5096F /* Release */,
			);
			defaultConfigurationIsVisible = 0;
			defaultConfigurationName = Release;
		};
/* End XCConfigurationList section */
	};
	rootObject = 78EA4D6A1A704FDF00A5096F /* Project object */;
}
